// !$*UTF8*$!
{
	archiveVersion = 1;
	classes = {
	};
	objectVersion = 56;
	objects = {

/* Begin PBXBuildFile section */
		8504022428FFD92300789A94 /* BabydooApp.swift in Sources */ = {isa = PBXBuildFile; fileRef = 8504022328FFD92300789A94 /* BabydooApp.swift */; };
		8504022828FFD92500789A94 /* Assets.xcassets in Resources */ = {isa = PBXBuildFile; fileRef = 8504022728FFD92500789A94 /* Assets.xcassets */; };
		8504022B28FFD92500789A94 /* Preview Assets.xcassets in Resources */ = {isa = PBXBuildFile; fileRef = 8504022A28FFD92500789A94 /* Preview Assets.xcassets */; };
		8504023528FFD92500789A94 /* BabydooTests.swift in Sources */ = {isa = PBXBuildFile; fileRef = 8504023428FFD92500789A94 /* BabydooTests.swift */; };
		8504023F28FFD92500789A94 /* BabydooUITests.swift in Sources */ = {isa = PBXBuildFile; fileRef = 8504023E28FFD92500789A94 /* BabydooUITests.swift */; };
		8504024128FFD92500789A94 /* BabydooUITestsLaunchTests.swift in Sources */ = {isa = PBXBuildFile; fileRef = 8504024028FFD92500789A94 /* BabydooUITestsLaunchTests.swift */; };
		8504024E28FFDD1500789A94 /* DueDateView.swift in Sources */ = {isa = PBXBuildFile; fileRef = 8504024D28FFDD1500789A94 /* DueDateView.swift */; };
		8504025028FFDD5800789A94 /* UserDefaults+App.swift in Sources */ = {isa = PBXBuildFile; fileRef = 8504024F28FFDD5800789A94 /* UserDefaults+App.swift */; };
		8504025628FFE38900789A94 /* StarLardKit in Frameworks */ = {isa = PBXBuildFile; productRef = 8504025528FFE38900789A94 /* StarLardKit */; };
		8504025828FFE3B800789A94 /* DeploymentEnvironment+App.swift in Sources */ = {isa = PBXBuildFile; fileRef = 8504025728FFE3B800789A94 /* DeploymentEnvironment+App.swift */; };
		8504025C28FFF03200789A94 /* PregnancyProgressView.swift in Sources */ = {isa = PBXBuildFile; fileRef = 8504025B28FFF03200789A94 /* PregnancyProgressView.swift */; };
		854A46492900029B0082013C /* WidgetKit.framework in Frameworks */ = {isa = PBXBuildFile; fileRef = 854A4634290002540082013C /* WidgetKit.framework */; };
		854A464A2900029B0082013C /* SwiftUI.framework in Frameworks */ = {isa = PBXBuildFile; fileRef = 854A4636290002540082013C /* SwiftUI.framework */; };
		854A464D2900029B0082013C /* BabydooWidgets.swift in Sources */ = {isa = PBXBuildFile; fileRef = 854A464C2900029B0082013C /* BabydooWidgets.swift */; };
		854A46502900029C0082013C /* Assets.xcassets in Resources */ = {isa = PBXBuildFile; fileRef = 854A464F2900029C0082013C /* Assets.xcassets */; };
		854A46522900029C0082013C /* BabydooWidgets.intentdefinition in Sources */ = {isa = PBXBuildFile; fileRef = 854A464E2900029B0082013C /* BabydooWidgets.intentdefinition */; };
		854A46532900029C0082013C /* BabydooWidgets.intentdefinition in Sources */ = {isa = PBXBuildFile; fileRef = 854A464E2900029B0082013C /* BabydooWidgets.intentdefinition */; };
		854A46562900029C0082013C /* Babydoo WidgetsExtension.appex in Embed Foundation Extensions */ = {isa = PBXBuildFile; fileRef = 854A46482900029B0082013C /* Babydoo WidgetsExtension.appex */; settings = {ATTRIBUTES = (RemoveHeadersOnCopy, ); }; };
		854A465C2900697C0082013C /* CounterWidget.swift in Sources */ = {isa = PBXBuildFile; fileRef = 854A465B2900697C0082013C /* CounterWidget.swift */; };
		854A465E290069AC0082013C /* GuageWidget.swift in Sources */ = {isa = PBXBuildFile; fileRef = 854A465D290069AC0082013C /* GuageWidget.swift */; };
		854A466029006E210082013C /* Provider.swift in Sources */ = {isa = PBXBuildFile; fileRef = 854A465F29006E210082013C /* Provider.swift */; };
		854A466129006F390082013C /* UserDefaults+App.swift in Sources */ = {isa = PBXBuildFile; fileRef = 8504024F28FFDD5800789A94 /* UserDefaults+App.swift */; };
		854A466329006F4F0082013C /* DateConstants.swift in Sources */ = {isa = PBXBuildFile; fileRef = 854A466229006F4F0082013C /* DateConstants.swift */; };
		854A466429006F4F0082013C /* DateConstants.swift in Sources */ = {isa = PBXBuildFile; fileRef = 854A466229006F4F0082013C /* DateConstants.swift */; };
		854A4666290070ED0082013C /* DateDisplayComponent.swift in Sources */ = {isa = PBXBuildFile; fileRef = 854A4665290070ED0082013C /* DateDisplayComponent.swift */; };
		854A4667290070ED0082013C /* DateDisplayComponent.swift in Sources */ = {isa = PBXBuildFile; fileRef = 854A4665290070ED0082013C /* DateDisplayComponent.swift */; };
		854A466B29007ED90082013C /* PregnancyCalculator.swift in Sources */ = {isa = PBXBuildFile; fileRef = 854A466A29007ED90082013C /* PregnancyCalculator.swift */; };
		854A466C29007ED90082013C /* PregnancyCalculator.swift in Sources */ = {isa = PBXBuildFile; fileRef = 854A466A29007ED90082013C /* PregnancyCalculator.swift */; };
/* End PBXBuildFile section */

/* Begin PBXContainerItemProxy section */
		8504023128FFD92500789A94 /* PBXContainerItemProxy */ = {
			isa = PBXContainerItemProxy;
			containerPortal = 8504021828FFD92300789A94 /* Project object */;
			proxyType = 1;
			remoteGlobalIDString = 8504021F28FFD92300789A94;
			remoteInfo = Babydoo;
		};
		8504023B28FFD92500789A94 /* PBXContainerItemProxy */ = {
			isa = PBXContainerItemProxy;
			containerPortal = 8504021828FFD92300789A94 /* Project object */;
			proxyType = 1;
			remoteGlobalIDString = 8504021F28FFD92300789A94;
			remoteInfo = Babydoo;
		};
		854A46542900029C0082013C /* PBXContainerItemProxy */ = {
			isa = PBXContainerItemProxy;
			containerPortal = 8504021828FFD92300789A94 /* Project object */;
			proxyType = 1;
			remoteGlobalIDString = 854A46472900029B0082013C;
			remoteInfo = "Babydoo WidgetsExtension";
		};
/* End PBXContainerItemProxy section */

/* Begin PBXCopyFilesBuildPhase section */
		854A465A2900029C0082013C /* Embed Foundation Extensions */ = {
			isa = PBXCopyFilesBuildPhase;
			buildActionMask = 2147483647;
			dstPath = "";
			dstSubfolderSpec = 13;
			files = (
				854A46562900029C0082013C /* Babydoo WidgetsExtension.appex in Embed Foundation Extensions */,
			);
			name = "Embed Foundation Extensions";
			runOnlyForDeploymentPostprocessing = 0;
		};
/* End PBXCopyFilesBuildPhase section */

/* Begin PBXFileReference section */
		8504022028FFD92300789A94 /* Babydoo.app */ = {isa = PBXFileReference; explicitFileType = wrapper.application; includeInIndex = 0; path = Babydoo.app; sourceTree = BUILT_PRODUCTS_DIR; };
		8504022328FFD92300789A94 /* BabydooApp.swift */ = {isa = PBXFileReference; lastKnownFileType = sourcecode.swift; path = BabydooApp.swift; sourceTree = "<group>"; };
		8504022728FFD92500789A94 /* Assets.xcassets */ = {isa = PBXFileReference; lastKnownFileType = folder.assetcatalog; path = Assets.xcassets; sourceTree = "<group>"; };
		8504022A28FFD92500789A94 /* Preview Assets.xcassets */ = {isa = PBXFileReference; lastKnownFileType = folder.assetcatalog; path = "Preview Assets.xcassets"; sourceTree = "<group>"; };
		8504023028FFD92500789A94 /* BabydooTests.xctest */ = {isa = PBXFileReference; explicitFileType = wrapper.cfbundle; includeInIndex = 0; path = BabydooTests.xctest; sourceTree = BUILT_PRODUCTS_DIR; };
		8504023428FFD92500789A94 /* BabydooTests.swift */ = {isa = PBXFileReference; lastKnownFileType = sourcecode.swift; path = BabydooTests.swift; sourceTree = "<group>"; };
		8504023A28FFD92500789A94 /* BabydooUITests.xctest */ = {isa = PBXFileReference; explicitFileType = wrapper.cfbundle; includeInIndex = 0; path = BabydooUITests.xctest; sourceTree = BUILT_PRODUCTS_DIR; };
		8504023E28FFD92500789A94 /* BabydooUITests.swift */ = {isa = PBXFileReference; lastKnownFileType = sourcecode.swift; path = BabydooUITests.swift; sourceTree = "<group>"; };
		8504024028FFD92500789A94 /* BabydooUITestsLaunchTests.swift */ = {isa = PBXFileReference; lastKnownFileType = sourcecode.swift; path = BabydooUITestsLaunchTests.swift; sourceTree = "<group>"; };
		8504024D28FFDD1500789A94 /* DueDateView.swift */ = {isa = PBXFileReference; lastKnownFileType = sourcecode.swift; path = DueDateView.swift; sourceTree = "<group>"; };
		8504024F28FFDD5800789A94 /* UserDefaults+App.swift */ = {isa = PBXFileReference; lastKnownFileType = sourcecode.swift; path = "UserDefaults+App.swift"; sourceTree = "<group>"; };
		8504025728FFE3B800789A94 /* DeploymentEnvironment+App.swift */ = {isa = PBXFileReference; lastKnownFileType = sourcecode.swift; path = "DeploymentEnvironment+App.swift"; sourceTree = "<group>"; };
		8504025B28FFF03200789A94 /* PregnancyProgressView.swift */ = {isa = PBXFileReference; lastKnownFileType = sourcecode.swift; path = PregnancyProgressView.swift; sourceTree = "<group>"; };
		852D8C0F2900986B003E248D /* Babydoo WidgetsExtension.entitlements */ = {isa = PBXFileReference; lastKnownFileType = text.plist.entitlements; path = "Babydoo WidgetsExtension.entitlements"; sourceTree = "<group>"; };
		854A4634290002540082013C /* WidgetKit.framework */ = {isa = PBXFileReference; lastKnownFileType = wrapper.framework; name = WidgetKit.framework; path = System/Library/Frameworks/WidgetKit.framework; sourceTree = SDKROOT; };
		854A4636290002540082013C /* SwiftUI.framework */ = {isa = PBXFileReference; lastKnownFileType = wrapper.framework; name = SwiftUI.framework; path = System/Library/Frameworks/SwiftUI.framework; sourceTree = SDKROOT; };
		854A46482900029B0082013C /* Babydoo WidgetsExtension.appex */ = {isa = PBXFileReference; explicitFileType = "wrapper.app-extension"; includeInIndex = 0; path = "Babydoo WidgetsExtension.appex"; sourceTree = BUILT_PRODUCTS_DIR; };
		854A464C2900029B0082013C /* BabydooWidgets.swift */ = {isa = PBXFileReference; lastKnownFileType = sourcecode.swift; path = BabydooWidgets.swift; sourceTree = "<group>"; };
		854A464E2900029B0082013C /* BabydooWidgets.intentdefinition */ = {isa = PBXFileReference; lastKnownFileType = file.intentdefinition; path = BabydooWidgets.intentdefinition; sourceTree = "<group>"; };
		854A464F2900029C0082013C /* Assets.xcassets */ = {isa = PBXFileReference; lastKnownFileType = folder.assetcatalog; path = Assets.xcassets; sourceTree = "<group>"; };
		854A46512900029C0082013C /* Info.plist */ = {isa = PBXFileReference; lastKnownFileType = text.plist.xml; path = Info.plist; sourceTree = "<group>"; };
		854A465B2900697C0082013C /* CounterWidget.swift */ = {isa = PBXFileReference; lastKnownFileType = sourcecode.swift; path = CounterWidget.swift; sourceTree = "<group>"; };
		854A465D290069AC0082013C /* GuageWidget.swift */ = {isa = PBXFileReference; lastKnownFileType = sourcecode.swift; path = GuageWidget.swift; sourceTree = "<group>"; };
		854A465F29006E210082013C /* Provider.swift */ = {isa = PBXFileReference; lastKnownFileType = sourcecode.swift; path = Provider.swift; sourceTree = "<group>"; };
		854A466229006F4F0082013C /* DateConstants.swift */ = {isa = PBXFileReference; lastKnownFileType = sourcecode.swift; path = DateConstants.swift; sourceTree = "<group>"; };
		854A4665290070ED0082013C /* DateDisplayComponent.swift */ = {isa = PBXFileReference; lastKnownFileType = sourcecode.swift; path = DateDisplayComponent.swift; sourceTree = "<group>"; };
		854A4668290078700082013C /* Info.plist */ = {isa = PBXFileReference; lastKnownFileType = text.plist; path = Info.plist; sourceTree = "<group>"; };
		854A466929007D460082013C /* Babydoo.entitlements */ = {isa = PBXFileReference; lastKnownFileType = text.plist.entitlements; path = Babydoo.entitlements; sourceTree = "<group>"; };
		854A466A29007ED90082013C /* PregnancyCalculator.swift */ = {isa = PBXFileReference; lastKnownFileType = sourcecode.swift; path = PregnancyCalculator.swift; sourceTree = "<group>"; };
/* End PBXFileReference section */

/* Begin PBXFrameworksBuildPhase section */
		8504021D28FFD92300789A94 /* Frameworks */ = {
			isa = PBXFrameworksBuildPhase;
			buildActionMask = 2147483647;
			files = (
				8504025628FFE38900789A94 /* StarLardKit in Frameworks */,
			);
			runOnlyForDeploymentPostprocessing = 0;
		};
		8504022D28FFD92500789A94 /* Frameworks */ = {
			isa = PBXFrameworksBuildPhase;
			buildActionMask = 2147483647;
			files = (
			);
			runOnlyForDeploymentPostprocessing = 0;
		};
		8504023728FFD92500789A94 /* Frameworks */ = {
			isa = PBXFrameworksBuildPhase;
			buildActionMask = 2147483647;
			files = (
			);
			runOnlyForDeploymentPostprocessing = 0;
		};
		854A46452900029B0082013C /* Frameworks */ = {
			isa = PBXFrameworksBuildPhase;
			buildActionMask = 2147483647;
			files = (
				854A464A2900029B0082013C /* SwiftUI.framework in Frameworks */,
				854A46492900029B0082013C /* WidgetKit.framework in Frameworks */,
			);
			runOnlyForDeploymentPostprocessing = 0;
		};
/* End PBXFrameworksBuildPhase section */

/* Begin PBXGroup section */
		8504021728FFD92300789A94 = {
			isa = PBXGroup;
			children = (
				852D8C0F2900986B003E248D /* Babydoo WidgetsExtension.entitlements */,
				8504022228FFD92300789A94 /* Babydoo */,
				8504023328FFD92500789A94 /* BabydooTests */,
				8504023D28FFD92500789A94 /* BabydooUITests */,
				854A464B2900029B0082013C /* Babydoo Widgets */,
				854A4633290002540082013C /* Frameworks */,
				8504022128FFD92300789A94 /* Products */,
			);
			sourceTree = "<group>";
		};
		8504022128FFD92300789A94 /* Products */ = {
			isa = PBXGroup;
			children = (
				8504022028FFD92300789A94 /* Babydoo.app */,
				8504023028FFD92500789A94 /* BabydooTests.xctest */,
				8504023A28FFD92500789A94 /* BabydooUITests.xctest */,
				854A46482900029B0082013C /* Babydoo WidgetsExtension.appex */,
			);
			name = Products;
			sourceTree = "<group>";
		};
		8504022228FFD92300789A94 /* Babydoo */ = {
			isa = PBXGroup;
			children = (
				854A466929007D460082013C /* Babydoo.entitlements */,
				854A4668290078700082013C /* Info.plist */,
				8504022328FFD92300789A94 /* BabydooApp.swift */,
				8504025A28FFE4E200789A94 /* Utility */,
				8504025928FFE4D100789A94 /* Views */,
				8504022728FFD92500789A94 /* Assets.xcassets */,
				8504022928FFD92500789A94 /* Preview Content */,
			);
			path = Babydoo;
			sourceTree = "<group>";
		};
		8504022928FFD92500789A94 /* Preview Content */ = {
			isa = PBXGroup;
			children = (
				8504022A28FFD92500789A94 /* Preview Assets.xcassets */,
			);
			path = "Preview Content";
			sourceTree = "<group>";
		};
		8504023328FFD92500789A94 /* BabydooTests */ = {
			isa = PBXGroup;
			children = (
				8504023428FFD92500789A94 /* BabydooTests.swift */,
			);
			path = BabydooTests;
			sourceTree = "<group>";
		};
		8504023D28FFD92500789A94 /* BabydooUITests */ = {
			isa = PBXGroup;
			children = (
				8504023E28FFD92500789A94 /* BabydooUITests.swift */,
				8504024028FFD92500789A94 /* BabydooUITestsLaunchTests.swift */,
			);
			path = BabydooUITests;
			sourceTree = "<group>";
		};
		8504025928FFE4D100789A94 /* Views */ = {
			isa = PBXGroup;
			children = (
				8504024D28FFDD1500789A94 /* DueDateView.swift */,
				8504025B28FFF03200789A94 /* PregnancyProgressView.swift */,
			);
			path = Views;
			sourceTree = "<group>";
		};
		8504025A28FFE4E200789A94 /* Utility */ = {
			isa = PBXGroup;
			children = (
				8504025728FFE3B800789A94 /* DeploymentEnvironment+App.swift */,
				8504024F28FFDD5800789A94 /* UserDefaults+App.swift */,
				854A466229006F4F0082013C /* DateConstants.swift */,
				854A4665290070ED0082013C /* DateDisplayComponent.swift */,
				854A466A29007ED90082013C /* PregnancyCalculator.swift */,
			);
			path = Utility;
			sourceTree = "<group>";
		};
		854A4633290002540082013C /* Frameworks */ = {
			isa = PBXGroup;
			children = (
				854A4634290002540082013C /* WidgetKit.framework */,
				854A4636290002540082013C /* SwiftUI.framework */,
			);
			name = Frameworks;
			sourceTree = "<group>";
		};
		854A464B2900029B0082013C /* Babydoo Widgets */ = {
			isa = PBXGroup;
			children = (
				854A464C2900029B0082013C /* BabydooWidgets.swift */,
				854A465B2900697C0082013C /* CounterWidget.swift */,
				854A465D290069AC0082013C /* GuageWidget.swift */,
				854A465F29006E210082013C /* Provider.swift */,
				854A464E2900029B0082013C /* BabydooWidgets.intentdefinition */,
				854A464F2900029C0082013C /* Assets.xcassets */,
				854A46512900029C0082013C /* Info.plist */,
			);
			path = "Babydoo Widgets";
			sourceTree = "<group>";
		};
/* End PBXGroup section */

/* Begin PBXNativeTarget section */
		8504021F28FFD92300789A94 /* Babydoo */ = {
			isa = PBXNativeTarget;
			buildConfigurationList = 8504024428FFD92500789A94 /* Build configuration list for PBXNativeTarget "Babydoo" */;
			buildPhases = (
				8504021C28FFD92300789A94 /* Sources */,
				8504021D28FFD92300789A94 /* Frameworks */,
				8504021E28FFD92300789A94 /* Resources */,
				854A465A2900029C0082013C /* Embed Foundation Extensions */,
			);
			buildRules = (
			);
			dependencies = (
				854A46552900029C0082013C /* PBXTargetDependency */,
			);
			name = Babydoo;
			packageProductDependencies = (
				8504025528FFE38900789A94 /* StarLardKit */,
			);
			productName = Babydoo;
			productReference = 8504022028FFD92300789A94 /* Babydoo.app */;
			productType = "com.apple.product-type.application";
		};
		8504022F28FFD92500789A94 /* BabydooTests */ = {
			isa = PBXNativeTarget;
			buildConfigurationList = 8504024728FFD92500789A94 /* Build configuration list for PBXNativeTarget "BabydooTests" */;
			buildPhases = (
				8504022C28FFD92500789A94 /* Sources */,
				8504022D28FFD92500789A94 /* Frameworks */,
				8504022E28FFD92500789A94 /* Resources */,
			);
			buildRules = (
			);
			dependencies = (
				8504023228FFD92500789A94 /* PBXTargetDependency */,
			);
			name = BabydooTests;
			productName = BabydooTests;
			productReference = 8504023028FFD92500789A94 /* BabydooTests.xctest */;
			productType = "com.apple.product-type.bundle.unit-test";
		};
		8504023928FFD92500789A94 /* BabydooUITests */ = {
			isa = PBXNativeTarget;
			buildConfigurationList = 8504024A28FFD92500789A94 /* Build configuration list for PBXNativeTarget "BabydooUITests" */;
			buildPhases = (
				8504023628FFD92500789A94 /* Sources */,
				8504023728FFD92500789A94 /* Frameworks */,
				8504023828FFD92500789A94 /* Resources */,
			);
			buildRules = (
			);
			dependencies = (
				8504023C28FFD92500789A94 /* PBXTargetDependency */,
			);
			name = BabydooUITests;
			productName = BabydooUITests;
			productReference = 8504023A28FFD92500789A94 /* BabydooUITests.xctest */;
			productType = "com.apple.product-type.bundle.ui-testing";
		};
		854A46472900029B0082013C /* Babydoo WidgetsExtension */ = {
			isa = PBXNativeTarget;
			buildConfigurationList = 854A46572900029C0082013C /* Build configuration list for PBXNativeTarget "Babydoo WidgetsExtension" */;
			buildPhases = (
				854A46442900029B0082013C /* Sources */,
				854A46452900029B0082013C /* Frameworks */,
				854A46462900029B0082013C /* Resources */,
			);
			buildRules = (
			);
			dependencies = (
			);
			name = "Babydoo WidgetsExtension";
			packageProductDependencies = (
			);
			productName = "Babydoo WidgetsExtension";
			productReference = 854A46482900029B0082013C /* Babydoo WidgetsExtension.appex */;
			productType = "com.apple.product-type.app-extension";
		};
/* End PBXNativeTarget section */

/* Begin PBXProject section */
		8504021828FFD92300789A94 /* Project object */ = {
			isa = PBXProject;
			attributes = {
				BuildIndependentTargetsInParallel = 1;
				LastSwiftUpdateCheck = 1400;
				LastUpgradeCheck = 1400;
				TargetAttributes = {
					8504021F28FFD92300789A94 = {
						CreatedOnToolsVersion = 14.0.1;
					};
					8504022F28FFD92500789A94 = {
						CreatedOnToolsVersion = 14.0.1;
						TestTargetID = 8504021F28FFD92300789A94;
					};
					8504023928FFD92500789A94 = {
						CreatedOnToolsVersion = 14.0.1;
						TestTargetID = 8504021F28FFD92300789A94;
					};
					854A46472900029B0082013C = {
						CreatedOnToolsVersion = 14.0.1;
					};
				};
			};
			buildConfigurationList = 8504021B28FFD92300789A94 /* Build configuration list for PBXProject "Babydoo" */;
			compatibilityVersion = "Xcode 14.0";
			developmentRegion = en;
			hasScannedForEncodings = 0;
			knownRegions = (
				en,
				Base,
			);
			mainGroup = 8504021728FFD92300789A94;
			packageReferences = (
				8504025428FFE38900789A94 /* XCRemoteSwiftPackageReference "StarLardKit" */,
			);
			productRefGroup = 8504022128FFD92300789A94 /* Products */;
			projectDirPath = "";
			projectRoot = "";
			targets = (
				8504021F28FFD92300789A94 /* Babydoo */,
				8504022F28FFD92500789A94 /* BabydooTests */,
				8504023928FFD92500789A94 /* BabydooUITests */,
				854A46472900029B0082013C /* Babydoo WidgetsExtension */,
			);
		};
/* End PBXProject section */

/* Begin PBXResourcesBuildPhase section */
		8504021E28FFD92300789A94 /* Resources */ = {
			isa = PBXResourcesBuildPhase;
			buildActionMask = 2147483647;
			files = (
				8504022B28FFD92500789A94 /* Preview Assets.xcassets in Resources */,
				8504022828FFD92500789A94 /* Assets.xcassets in Resources */,
			);
			runOnlyForDeploymentPostprocessing = 0;
		};
		8504022E28FFD92500789A94 /* Resources */ = {
			isa = PBXResourcesBuildPhase;
			buildActionMask = 2147483647;
			files = (
			);
			runOnlyForDeploymentPostprocessing = 0;
		};
		8504023828FFD92500789A94 /* Resources */ = {
			isa = PBXResourcesBuildPhase;
			buildActionMask = 2147483647;
			files = (
			);
			runOnlyForDeploymentPostprocessing = 0;
		};
		854A46462900029B0082013C /* Resources */ = {
			isa = PBXResourcesBuildPhase;
			buildActionMask = 2147483647;
			files = (
				854A46502900029C0082013C /* Assets.xcassets in Resources */,
			);
			runOnlyForDeploymentPostprocessing = 0;
		};
/* End PBXResourcesBuildPhase section */

/* Begin PBXSourcesBuildPhase section */
		8504021C28FFD92300789A94 /* Sources */ = {
			isa = PBXSourcesBuildPhase;
			buildActionMask = 2147483647;
			files = (
				854A466329006F4F0082013C /* DateConstants.swift in Sources */,
				854A46532900029C0082013C /* BabydooWidgets.intentdefinition in Sources */,
				8504025028FFDD5800789A94 /* UserDefaults+App.swift in Sources */,
				8504025C28FFF03200789A94 /* PregnancyProgressView.swift in Sources */,
				854A4666290070ED0082013C /* DateDisplayComponent.swift in Sources */,
				8504022428FFD92300789A94 /* BabydooApp.swift in Sources */,
				8504025828FFE3B800789A94 /* DeploymentEnvironment+App.swift in Sources */,
				8504024E28FFDD1500789A94 /* DueDateView.swift in Sources */,
				854A466B29007ED90082013C /* PregnancyCalculator.swift in Sources */,
			);
			runOnlyForDeploymentPostprocessing = 0;
		};
		8504022C28FFD92500789A94 /* Sources */ = {
			isa = PBXSourcesBuildPhase;
			buildActionMask = 2147483647;
			files = (
				8504023528FFD92500789A94 /* BabydooTests.swift in Sources */,
			);
			runOnlyForDeploymentPostprocessing = 0;
		};
		8504023628FFD92500789A94 /* Sources */ = {
			isa = PBXSourcesBuildPhase;
			buildActionMask = 2147483647;
			files = (
				8504023F28FFD92500789A94 /* BabydooUITests.swift in Sources */,
				8504024128FFD92500789A94 /* BabydooUITestsLaunchTests.swift in Sources */,
			);
			runOnlyForDeploymentPostprocessing = 0;
		};
		854A46442900029B0082013C /* Sources */ = {
			isa = PBXSourcesBuildPhase;
			buildActionMask = 2147483647;
			files = (
				854A466429006F4F0082013C /* DateConstants.swift in Sources */,
				854A466129006F390082013C /* UserDefaults+App.swift in Sources */,
				854A46522900029C0082013C /* BabydooWidgets.intentdefinition in Sources */,
				854A465E290069AC0082013C /* GuageWidget.swift in Sources */,
				854A4667290070ED0082013C /* DateDisplayComponent.swift in Sources */,
				854A465C2900697C0082013C /* CounterWidget.swift in Sources */,
				854A466029006E210082013C /* Provider.swift in Sources */,
				854A464D2900029B0082013C /* BabydooWidgets.swift in Sources */,
				854A466C29007ED90082013C /* PregnancyCalculator.swift in Sources */,
			);
			runOnlyForDeploymentPostprocessing = 0;
		};
/* End PBXSourcesBuildPhase section */

/* Begin PBXTargetDependency section */
		8504023228FFD92500789A94 /* PBXTargetDependency */ = {
			isa = PBXTargetDependency;
			target = 8504021F28FFD92300789A94 /* Babydoo */;
			targetProxy = 8504023128FFD92500789A94 /* PBXContainerItemProxy */;
		};
		8504023C28FFD92500789A94 /* PBXTargetDependency */ = {
			isa = PBXTargetDependency;
			target = 8504021F28FFD92300789A94 /* Babydoo */;
			targetProxy = 8504023B28FFD92500789A94 /* PBXContainerItemProxy */;
		};
		854A46552900029C0082013C /* PBXTargetDependency */ = {
			isa = PBXTargetDependency;
			target = 854A46472900029B0082013C /* Babydoo WidgetsExtension */;
			targetProxy = 854A46542900029C0082013C /* PBXContainerItemProxy */;
		};
/* End PBXTargetDependency section */

/* Begin XCBuildConfiguration section */
		8504024228FFD92500789A94 /* Debug */ = {
			isa = XCBuildConfiguration;
			buildSettings = {
				ALWAYS_SEARCH_USER_PATHS = NO;
				CLANG_ANALYZER_NONNULL = YES;
				CLANG_ANALYZER_NUMBER_OBJECT_CONVERSION = YES_AGGRESSIVE;
				CLANG_CXX_LANGUAGE_STANDARD = "gnu++20";
				CLANG_ENABLE_MODULES = YES;
				CLANG_ENABLE_OBJC_ARC = YES;
				CLANG_ENABLE_OBJC_WEAK = YES;
				CLANG_WARN_BLOCK_CAPTURE_AUTORELEASING = YES;
				CLANG_WARN_BOOL_CONVERSION = YES;
				CLANG_WARN_COMMA = YES;
				CLANG_WARN_CONSTANT_CONVERSION = YES;
				CLANG_WARN_DEPRECATED_OBJC_IMPLEMENTATIONS = YES;
				CLANG_WARN_DIRECT_OBJC_ISA_USAGE = YES_ERROR;
				CLANG_WARN_DOCUMENTATION_COMMENTS = YES;
				CLANG_WARN_EMPTY_BODY = YES;
				CLANG_WARN_ENUM_CONVERSION = YES;
				CLANG_WARN_INFINITE_RECURSION = YES;
				CLANG_WARN_INT_CONVERSION = YES;
				CLANG_WARN_NON_LITERAL_NULL_CONVERSION = YES;
				CLANG_WARN_OBJC_IMPLICIT_RETAIN_SELF = YES;
				CLANG_WARN_OBJC_LITERAL_CONVERSION = YES;
				CLANG_WARN_OBJC_ROOT_CLASS = YES_ERROR;
				CLANG_WARN_QUOTED_INCLUDE_IN_FRAMEWORK_HEADER = YES;
				CLANG_WARN_RANGE_LOOP_ANALYSIS = YES;
				CLANG_WARN_STRICT_PROTOTYPES = YES;
				CLANG_WARN_SUSPICIOUS_MOVE = YES;
				CLANG_WARN_UNGUARDED_AVAILABILITY = YES_AGGRESSIVE;
				CLANG_WARN_UNREACHABLE_CODE = YES;
				CLANG_WARN__DUPLICATE_METHOD_MATCH = YES;
				COPY_PHASE_STRIP = NO;
				DEBUG_INFORMATION_FORMAT = dwarf;
				ENABLE_STRICT_OBJC_MSGSEND = YES;
				ENABLE_TESTABILITY = YES;
				GCC_C_LANGUAGE_STANDARD = gnu11;
				GCC_DYNAMIC_NO_PIC = NO;
				GCC_NO_COMMON_BLOCKS = YES;
				GCC_OPTIMIZATION_LEVEL = 0;
				GCC_PREPROCESSOR_DEFINITIONS = (
					"DEBUG=1",
					"$(inherited)",
				);
				GCC_WARN_64_TO_32_BIT_CONVERSION = YES;
				GCC_WARN_ABOUT_RETURN_TYPE = YES_ERROR;
				GCC_WARN_UNDECLARED_SELECTOR = YES;
				GCC_WARN_UNINITIALIZED_AUTOS = YES_AGGRESSIVE;
				GCC_WARN_UNUSED_FUNCTION = YES;
				GCC_WARN_UNUSED_VARIABLE = YES;
				IPHONEOS_DEPLOYMENT_TARGET = 16.0;
				MTL_ENABLE_DEBUG_INFO = INCLUDE_SOURCE;
				MTL_FAST_MATH = YES;
				ONLY_ACTIVE_ARCH = YES;
				SDKROOT = iphoneos;
				SWIFT_ACTIVE_COMPILATION_CONDITIONS = DEBUG;
				SWIFT_OPTIMIZATION_LEVEL = "-Onone";
			};
			name = Debug;
		};
		8504024328FFD92500789A94 /* Release */ = {
			isa = XCBuildConfiguration;
			buildSettings = {
				ALWAYS_SEARCH_USER_PATHS = NO;
				CLANG_ANALYZER_NONNULL = YES;
				CLANG_ANALYZER_NUMBER_OBJECT_CONVERSION = YES_AGGRESSIVE;
				CLANG_CXX_LANGUAGE_STANDARD = "gnu++20";
				CLANG_ENABLE_MODULES = YES;
				CLANG_ENABLE_OBJC_ARC = YES;
				CLANG_ENABLE_OBJC_WEAK = YES;
				CLANG_WARN_BLOCK_CAPTURE_AUTORELEASING = YES;
				CLANG_WARN_BOOL_CONVERSION = YES;
				CLANG_WARN_COMMA = YES;
				CLANG_WARN_CONSTANT_CONVERSION = YES;
				CLANG_WARN_DEPRECATED_OBJC_IMPLEMENTATIONS = YES;
				CLANG_WARN_DIRECT_OBJC_ISA_USAGE = YES_ERROR;
				CLANG_WARN_DOCUMENTATION_COMMENTS = YES;
				CLANG_WARN_EMPTY_BODY = YES;
				CLANG_WARN_ENUM_CONVERSION = YES;
				CLANG_WARN_INFINITE_RECURSION = YES;
				CLANG_WARN_INT_CONVERSION = YES;
				CLANG_WARN_NON_LITERAL_NULL_CONVERSION = YES;
				CLANG_WARN_OBJC_IMPLICIT_RETAIN_SELF = YES;
				CLANG_WARN_OBJC_LITERAL_CONVERSION = YES;
				CLANG_WARN_OBJC_ROOT_CLASS = YES_ERROR;
				CLANG_WARN_QUOTED_INCLUDE_IN_FRAMEWORK_HEADER = YES;
				CLANG_WARN_RANGE_LOOP_ANALYSIS = YES;
				CLANG_WARN_STRICT_PROTOTYPES = YES;
				CLANG_WARN_SUSPICIOUS_MOVE = YES;
				CLANG_WARN_UNGUARDED_AVAILABILITY = YES_AGGRESSIVE;
				CLANG_WARN_UNREACHABLE_CODE = YES;
				CLANG_WARN__DUPLICATE_METHOD_MATCH = YES;
				COPY_PHASE_STRIP = NO;
				DEBUG_INFORMATION_FORMAT = "dwarf-with-dsym";
				ENABLE_NS_ASSERTIONS = NO;
				ENABLE_STRICT_OBJC_MSGSEND = YES;
				GCC_C_LANGUAGE_STANDARD = gnu11;
				GCC_NO_COMMON_BLOCKS = YES;
				GCC_WARN_64_TO_32_BIT_CONVERSION = YES;
				GCC_WARN_ABOUT_RETURN_TYPE = YES_ERROR;
				GCC_WARN_UNDECLARED_SELECTOR = YES;
				GCC_WARN_UNINITIALIZED_AUTOS = YES_AGGRESSIVE;
				GCC_WARN_UNUSED_FUNCTION = YES;
				GCC_WARN_UNUSED_VARIABLE = YES;
				IPHONEOS_DEPLOYMENT_TARGET = 16.0;
				MTL_ENABLE_DEBUG_INFO = NO;
				MTL_FAST_MATH = YES;
				SDKROOT = iphoneos;
				SWIFT_COMPILATION_MODE = wholemodule;
				SWIFT_OPTIMIZATION_LEVEL = "-O";
				VALIDATE_PRODUCT = YES;
			};
			name = Release;
		};
		8504024528FFD92500789A94 /* Debug */ = {
			isa = XCBuildConfiguration;
			buildSettings = {
				ALWAYS_EMBED_SWIFT_STANDARD_LIBRARIES = YES;
				ASSETCATALOG_COMPILER_APPICON_NAME = AppIcon;
				ASSETCATALOG_COMPILER_GLOBAL_ACCENT_COLOR_NAME = AccentColor;
				CODE_SIGN_ENTITLEMENTS = Babydoo/Babydoo.entitlements;
				CODE_SIGN_STYLE = Automatic;
				CURRENT_PROJECT_VERSION = 1;
				DEVELOPMENT_ASSET_PATHS = "\"Babydoo/Preview Content\"";
				DEVELOPMENT_TEAM = 3D969KFHW5;
				ENABLE_PREVIEWS = YES;
				GENERATE_INFOPLIST_FILE = YES;
				INFOPLIST_FILE = Babydoo/Info.plist;
				INFOPLIST_KEY_UIApplicationSceneManifest_Generation = YES;
				INFOPLIST_KEY_UIApplicationSupportsIndirectInputEvents = YES;
				INFOPLIST_KEY_UILaunchScreen_Generation = YES;
				INFOPLIST_KEY_UISupportedInterfaceOrientations_iPad = "UIInterfaceOrientationPortrait UIInterfaceOrientationPortraitUpsideDown UIInterfaceOrientationLandscapeLeft UIInterfaceOrientationLandscapeRight";
				INFOPLIST_KEY_UISupportedInterfaceOrientations_iPhone = "UIInterfaceOrientationPortrait UIInterfaceOrientationLandscapeLeft UIInterfaceOrientationLandscapeRight";
				LD_RUNPATH_SEARCH_PATHS = (
					"$(inherited)",
					"@executable_path/Frameworks",
				);
				MARKETING_VERSION = 1.0;
				PRODUCT_BUNDLE_IDENTIFIER = com.starlard.Babydoo;
				PRODUCT_NAME = "$(TARGET_NAME)";
				SWIFT_EMIT_LOC_STRINGS = YES;
				SWIFT_VERSION = 5.0;
				TARGETED_DEVICE_FAMILY = "1,2";
			};
			name = Debug;
		};
		8504024628FFD92500789A94 /* Release */ = {
			isa = XCBuildConfiguration;
			buildSettings = {
				ALWAYS_EMBED_SWIFT_STANDARD_LIBRARIES = YES;
				ASSETCATALOG_COMPILER_APPICON_NAME = AppIcon;
				ASSETCATALOG_COMPILER_GLOBAL_ACCENT_COLOR_NAME = AccentColor;
				CODE_SIGN_ENTITLEMENTS = Babydoo/Babydoo.entitlements;
				CODE_SIGN_STYLE = Automatic;
				CURRENT_PROJECT_VERSION = 1;
				DEVELOPMENT_ASSET_PATHS = "\"Babydoo/Preview Content\"";
				DEVELOPMENT_TEAM = 3D969KFHW5;
				ENABLE_PREVIEWS = YES;
				GENERATE_INFOPLIST_FILE = YES;
				INFOPLIST_FILE = Babydoo/Info.plist;
				INFOPLIST_KEY_UIApplicationSceneManifest_Generation = YES;
				INFOPLIST_KEY_UIApplicationSupportsIndirectInputEvents = YES;
				INFOPLIST_KEY_UILaunchScreen_Generation = YES;
				INFOPLIST_KEY_UISupportedInterfaceOrientations_iPad = "UIInterfaceOrientationPortrait UIInterfaceOrientationPortraitUpsideDown UIInterfaceOrientationLandscapeLeft UIInterfaceOrientationLandscapeRight";
				INFOPLIST_KEY_UISupportedInterfaceOrientations_iPhone = "UIInterfaceOrientationPortrait UIInterfaceOrientationLandscapeLeft UIInterfaceOrientationLandscapeRight";
				LD_RUNPATH_SEARCH_PATHS = (
					"$(inherited)",
					"@executable_path/Frameworks",
				);
				MARKETING_VERSION = 1.0;
				PRODUCT_BUNDLE_IDENTIFIER = com.starlard.Babydoo;
				PRODUCT_NAME = "$(TARGET_NAME)";
				SWIFT_EMIT_LOC_STRINGS = YES;
				SWIFT_VERSION = 5.0;
				TARGETED_DEVICE_FAMILY = "1,2";
			};
			name = Release;
		};
		8504024828FFD92500789A94 /* Debug */ = {
			isa = XCBuildConfiguration;
			buildSettings = {
				ALWAYS_EMBED_SWIFT_STANDARD_LIBRARIES = YES;
				BUNDLE_LOADER = "$(TEST_HOST)";
				CODE_SIGN_STYLE = Automatic;
				CURRENT_PROJECT_VERSION = 1;
				DEVELOPMENT_TEAM = 3D969KFHW5;
				GENERATE_INFOPLIST_FILE = YES;
				IPHONEOS_DEPLOYMENT_TARGET = 16.0;
				MARKETING_VERSION = 1.0;
				PRODUCT_BUNDLE_IDENTIFIER = com.starlard.BabydooTests;
				PRODUCT_NAME = "$(TARGET_NAME)";
				SWIFT_EMIT_LOC_STRINGS = NO;
				SWIFT_VERSION = 5.0;
				TARGETED_DEVICE_FAMILY = "1,2";
				TEST_HOST = "$(BUILT_PRODUCTS_DIR)/Babydoo.app/$(BUNDLE_EXECUTABLE_FOLDER_PATH)/Babydoo";
			};
			name = Debug;
		};
		8504024928FFD92500789A94 /* Release */ = {
			isa = XCBuildConfiguration;
			buildSettings = {
				ALWAYS_EMBED_SWIFT_STANDARD_LIBRARIES = YES;
				BUNDLE_LOADER = "$(TEST_HOST)";
				CODE_SIGN_STYLE = Automatic;
				CURRENT_PROJECT_VERSION = 1;
				DEVELOPMENT_TEAM = 3D969KFHW5;
				GENERATE_INFOPLIST_FILE = YES;
				IPHONEOS_DEPLOYMENT_TARGET = 16.0;
				MARKETING_VERSION = 1.0;
				PRODUCT_BUNDLE_IDENTIFIER = com.starlard.BabydooTests;
				PRODUCT_NAME = "$(TARGET_NAME)";
				SWIFT_EMIT_LOC_STRINGS = NO;
				SWIFT_VERSION = 5.0;
				TARGETED_DEVICE_FAMILY = "1,2";
				TEST_HOST = "$(BUILT_PRODUCTS_DIR)/Babydoo.app/$(BUNDLE_EXECUTABLE_FOLDER_PATH)/Babydoo";
			};
			name = Release;
		};
		8504024B28FFD92500789A94 /* Debug */ = {
			isa = XCBuildConfiguration;
			buildSettings = {
				ALWAYS_EMBED_SWIFT_STANDARD_LIBRARIES = YES;
				CODE_SIGN_STYLE = Automatic;
				CURRENT_PROJECT_VERSION = 1;
				DEVELOPMENT_TEAM = 3D969KFHW5;
				GENERATE_INFOPLIST_FILE = YES;
				MARKETING_VERSION = 1.0;
				PRODUCT_BUNDLE_IDENTIFIER = com.starlard.BabydooUITests;
				PRODUCT_NAME = "$(TARGET_NAME)";
				SWIFT_EMIT_LOC_STRINGS = NO;
				SWIFT_VERSION = 5.0;
				TARGETED_DEVICE_FAMILY = "1,2";
				TEST_TARGET_NAME = Babydoo;
			};
			name = Debug;
		};
		8504024C28FFD92500789A94 /* Release */ = {
			isa = XCBuildConfiguration;
			buildSettings = {
				ALWAYS_EMBED_SWIFT_STANDARD_LIBRARIES = YES;
				CODE_SIGN_STYLE = Automatic;
				CURRENT_PROJECT_VERSION = 1;
				DEVELOPMENT_TEAM = 3D969KFHW5;
				GENERATE_INFOPLIST_FILE = YES;
				MARKETING_VERSION = 1.0;
				PRODUCT_BUNDLE_IDENTIFIER = com.starlard.BabydooUITests;
				PRODUCT_NAME = "$(TARGET_NAME)";
				SWIFT_EMIT_LOC_STRINGS = NO;
				SWIFT_VERSION = 5.0;
				TARGETED_DEVICE_FAMILY = "1,2";
				TEST_TARGET_NAME = Babydoo;
			};
			name = Release;
		};
		854A46582900029C0082013C /* Debug */ = {
			isa = XCBuildConfiguration;
			buildSettings = {
				ASSETCATALOG_COMPILER_GLOBAL_ACCENT_COLOR_NAME = AccentColor;
				ASSETCATALOG_COMPILER_WIDGET_BACKGROUND_COLOR_NAME = WidgetBackground;
				CODE_SIGN_ENTITLEMENTS = "Babydoo WidgetsExtension.entitlements";
				CODE_SIGN_STYLE = Automatic;
				CURRENT_PROJECT_VERSION = 1;
				DEVELOPMENT_TEAM = 3D969KFHW5;
				GENERATE_INFOPLIST_FILE = YES;
				INFOPLIST_FILE = "Babydoo Widgets/Info.plist";
				INFOPLIST_KEY_CFBundleDisplayName = "Babydoo Widgets";
				INFOPLIST_KEY_NSHumanReadableCopyright = "";
				LD_RUNPATH_SEARCH_PATHS = (
					"$(inherited)",
					"@executable_path/Frameworks",
					"@executable_path/../../Frameworks",
				);
				MARKETING_VERSION = 1.0;
				PRODUCT_BUNDLE_IDENTIFIER = "com.starlard.Babydoo.Babydoo-Widgets";
				PRODUCT_NAME = "$(TARGET_NAME)";
				SKIP_INSTALL = YES;
				SWIFT_EMIT_LOC_STRINGS = YES;
				SWIFT_VERSION = 5.0;
				TARGETED_DEVICE_FAMILY = "1,2";
			};
			name = Debug;
		};
		854A46592900029C0082013C /* Release */ = {
			isa = XCBuildConfiguration;
			buildSettings = {
				ASSETCATALOG_COMPILER_GLOBAL_ACCENT_COLOR_NAME = AccentColor;
				ASSETCATALOG_COMPILER_WIDGET_BACKGROUND_COLOR_NAME = WidgetBackground;
				CODE_SIGN_ENTITLEMENTS = "Babydoo WidgetsExtension.entitlements";
				CODE_SIGN_STYLE = Automatic;
				CURRENT_PROJECT_VERSION = 1;
				DEVELOPMENT_TEAM = 3D969KFHW5;
				GENERATE_INFOPLIST_FILE = YES;
				INFOPLIST_FILE = "Babydoo Widgets/Info.plist";
				INFOPLIST_KEY_CFBundleDisplayName = "Babydoo Widgets";
				INFOPLIST_KEY_NSHumanReadableCopyright = "";
				LD_RUNPATH_SEARCH_PATHS = (
					"$(inherited)",
					"@executable_path/Frameworks",
					"@executable_path/../../Frameworks",
				);
				MARKETING_VERSION = 1.0;
				PRODUCT_BUNDLE_IDENTIFIER = "com.starlard.Babydoo.Babydoo-Widgets";
				PRODUCT_NAME = "$(TARGET_NAME)";
				SKIP_INSTALL = YES;
				SWIFT_EMIT_LOC_STRINGS = YES;
				SWIFT_VERSION = 5.0;
				TARGETED_DEVICE_FAMILY = "1,2";
			};
			name = Release;
		};
/* End XCBuildConfiguration section */

/* Begin XCConfigurationList section */
		8504021B28FFD92300789A94 /* Build configuration list for PBXProject "Babydoo" */ = {
			isa = XCConfigurationList;
			buildConfigurations = (
				8504024228FFD92500789A94 /* Debug */,
				8504024328FFD92500789A94 /* Release */,
			);
			defaultConfigurationIsVisible = 0;
			defaultConfigurationName = Release;
		};
		8504024428FFD92500789A94 /* Build configuration list for PBXNativeTarget "Babydoo" */ = {
			isa = XCConfigurationList;
			buildConfigurations = (
				8504024528FFD92500789A94 /* Debug */,
				8504024628FFD92500789A94 /* Release */,
			);
			defaultConfigurationIsVisible = 0;
			defaultConfigurationName = Release;
		};
		8504024728FFD92500789A94 /* Build configuration list for PBXNativeTarget "BabydooTests" */ = {
			isa = XCConfigurationList;
			buildConfigurations = (
				8504024828FFD92500789A94 /* Debug */,
				8504024928FFD92500789A94 /* Release */,
			);
			defaultConfigurationIsVisible = 0;
			defaultConfigurationName = Release;
		};
		8504024A28FFD92500789A94 /* Build configuration list for PBXNativeTarget "BabydooUITests" */ = {
			isa = XCConfigurationList;
			buildConfigurations = (
				8504024B28FFD92500789A94 /* Debug */,
				8504024C28FFD92500789A94 /* Release */,
			);
			defaultConfigurationIsVisible = 0;
			defaultConfigurationName = Release;
		};
		854A46572900029C0082013C /* Build configuration list for PBXNativeTarget "Babydoo WidgetsExtension" */ = {
			isa = XCConfigurationList;
			buildConfigurations = (
				854A46582900029C0082013C /* Debug */,
				854A46592900029C0082013C /* Release */,
			);
			defaultConfigurationIsVisible = 0;
			defaultConfigurationName = Release;
		};
/* End XCConfigurationList section */

/* Begin XCRemoteSwiftPackageReference section */
		8504025428FFE38900789A94 /* XCRemoteSwiftPackageReference "StarLardKit" */ = {
			isa = XCRemoteSwiftPackageReference;
			repositoryURL = "https://github.com/StarLard/StarLardKit";
			requirement = {
				branch = master;
				kind = branch;
			};
		};
/* End XCRemoteSwiftPackageReference section */

/* Begin XCSwiftPackageProductDependency section */
		8504025528FFE38900789A94 /* StarLardKit */ = {
			isa = XCSwiftPackageProductDependency;
			package = 8504025428FFE38900789A94 /* XCRemoteSwiftPackageReference "StarLardKit" */;
			productName = StarLardKit;
		};
/* End XCSwiftPackageProductDependency section */
	};
	rootObject = 8504021828FFD92300789A94 /* Project object */;
}
